
Microsoft Visual Studio Solution File, Format Version 12.00
# Visual Studio Version 16
VisualStudioVersion = 16.0.29403.142
MinimumVisualStudioVersion = 10.0.40219.1
Project("{FAE04EC0-301F-11D3-BF4B-00C04F79EFBC}") = "someWeb", "someWeb\someWeb.csproj", "{194CC906-B6A9-42FF-A305-8104C403363E}"
EndProject
Global
	GlobalSection(SolutionConfigurationPlatforms) = preSolution
		Debug|Any CPU = Debug|Any CPU
		Release|Any CPU = Release|Any CPU
	EndGlobalSection
	GlobalSection(ProjectConfigurationPlatforms) = postSolution
		{194CC906-B6A9-42FF-A305-8104C403363E}.Debug|Any CPU.ActiveCfg = Debug|Any CPU
		{194CC906-B6A9-42FF-A305-8104C403363E}.Debug|Any CPU.Build.0 = Debug|Any CPU
		{194CC906-B6A9-42FF-A305-8104C403363E}.Release|Any CPU.ActiveCfg = Release|Any CPU
		{194CC906-B6A9-42FF-A305-8104C403363E}.Release|Any CPU.Build.0 = Release|Any CPU
	EndGlobalSection
	GlobalSection(SolutionProperties) = preSolution
		HideSolutionNode = FALSE
	EndGlobalSection
	GlobalSection(ExtensibilityGlobals) = postSolution
		SolutionGuid = {5C2ED99E-1009-41C4-A5EB-8C6E379288D4}
	EndGlobalSection
EndGlobal
